
Microsoft Visual Studio Solution File, Format Version 12.00
Project("{FAE04EC0-301F-11D3-BF4B-00C04F79EFBC}") = "Compositions", "Compositions\Compositions\Compositions.csproj", "{D3C9B293-8D24-42D4-8FBC-F00C54B0FA6B}"
EndProject
Project("{FAE04EC0-301F-11D3-BF4B-00C04F79EFBC}") = "Compositions.NET", "Compositions.NET\Compositions.NET.csproj", "{AB28657E-EAAE-4695-A435-9CBA62561FEA}"
EndProject
Project("{FAE04EC0-301F-11D3-BF4B-00C04F79EFBC}") = "Compositions.NET.Sample", "Compositions.NET.Sample\Compositions.NET.Sample.csproj", "{24A4136A-61D8-466A-8883-1693B0B55C60}"
EndProject
Global
	GlobalSection(SolutionConfigurationPlatforms) = preSolution
		Debug|Any CPU = Debug|Any CPU
		Release|Any CPU = Release|Any CPU
	EndGlobalSection
	GlobalSection(ProjectConfigurationPlatforms) = postSolution
		{D3C9B293-8D24-42D4-8FBC-F00C54B0FA6B}.Debug|Any CPU.ActiveCfg = Debug|Any CPU
		{D3C9B293-8D24-42D4-8FBC-F00C54B0FA6B}.Debug|Any CPU.Build.0 = Debug|Any CPU
		{D3C9B293-8D24-42D4-8FBC-F00C54B0FA6B}.Release|Any CPU.ActiveCfg = Release|Any CPU
		{D3C9B293-8D24-42D4-8FBC-F00C54B0FA6B}.Release|Any CPU.Build.0 = Release|Any CPU
		{AB28657E-EAAE-4695-A435-9CBA62561FEA}.Debug|Any CPU.ActiveCfg = Debug|Any CPU
		{AB28657E-EAAE-4695-A435-9CBA62561FEA}.Debug|Any CPU.Build.0 = Debug|Any CPU
		{AB28657E-EAAE-4695-A435-9CBA62561FEA}.Release|Any CPU.ActiveCfg = Release|Any CPU
		{AB28657E-EAAE-4695-A435-9CBA62561FEA}.Release|Any CPU.Build.0 = Release|Any CPU
		{24A4136A-61D8-466A-8883-1693B0B55C60}.Debug|Any CPU.ActiveCfg = Debug|Any CPU
		{24A4136A-61D8-466A-8883-1693B0B55C60}.Debug|Any CPU.Build.0 = Debug|Any CPU
		{24A4136A-61D8-466A-8883-1693B0B55C60}.Release|Any CPU.ActiveCfg = Release|Any CPU
		{24A4136A-61D8-466A-8883-1693B0B55C60}.Release|Any CPU.Build.0 = Release|Any CPU
	EndGlobalSection
EndGlobal
